// !$*UTF8*$!
{
	archiveVersion = 1;
	classes = {
	};
	objectVersion = 56;
	objects = {

/* Begin PBXBuildFile section */
		83A54222291C5E8200691908 /* PlanitApp.swift in Sources */ = {isa = PBXBuildFile; fileRef = 83A54221291C5E8200691908 /* PlanitApp.swift */; };
		83A54224291C5E8200691908 /* ContentView.swift in Sources */ = {isa = PBXBuildFile; fileRef = 83A54223291C5E8200691908 /* ContentView.swift */; };
		83A54226291C5E8400691908 /* Assets.xcassets in Resources */ = {isa = PBXBuildFile; fileRef = 83A54225291C5E8400691908 /* Assets.xcassets */; };
		83A54229291C5E8400691908 /* Preview Assets.xcassets in Resources */ = {isa = PBXBuildFile; fileRef = 83A54228291C5E8400691908 /* Preview Assets.xcassets */; };
		83A54233291C71BB00691908 /* Loginview.swift in Sources */ = {isa = PBXBuildFile; fileRef = 83A54232291C71BB00691908 /* Loginview.swift */; };
		83A54237291C724A00691908 /* SignupView.swift in Sources */ = {isa = PBXBuildFile; fileRef = 83A54236291C724A00691908 /* SignupView.swift */; };
		83A54239291C731100691908 /* BackgroundGradientView.swift in Sources */ = {isa = PBXBuildFile; fileRef = 83A54238291C731100691908 /* BackgroundGradientView.swift */; };
		83A5423B291C849100691908 /* LogoView.swift in Sources */ = {isa = PBXBuildFile; fileRef = 83A5423A291C849100691908 /* LogoView.swift */; };
		83A5423D291DA5FB00691908 /* CustomTextField.swift in Sources */ = {isa = PBXBuildFile; fileRef = 83A5423C291DA5FB00691908 /* CustomTextField.swift */; };
		83F24144293D17ED0009049A /* EmailTextField.swift in Sources */ = {isa = PBXBuildFile; fileRef = 83F24143293D17ED0009049A /* EmailTextField.swift */; };
		83F24146293D1D380009049A /* CustomSecureField.swift in Sources */ = {isa = PBXBuildFile; fileRef = 83F24145293D1D380009049A /* CustomSecureField.swift */; };
		83F24148293D29520009049A /* PasswordSecureView.swift in Sources */ = {isa = PBXBuildFile; fileRef = 83F24147293D29520009049A /* PasswordSecureView.swift */; };
		83F2414A293D2FF50009049A /* AuthenticateButton.swift in Sources */ = {isa = PBXBuildFile; fileRef = 83F24149293D2FF50009049A /* AuthenticateButton.swift */; };
		83F2414C293E46260009049A /* UserTextField.swift in Sources */ = {isa = PBXBuildFile; fileRef = 83F2414B293E46260009049A /* UserTextField.swift */; };
		83F2414E293E56060009049A /* GoogleService-Info.plist in Resources */ = {isa = PBXBuildFile; fileRef = 83F2414D293E56060009049A /* GoogleService-Info.plist */; };
		83F24151293E57630009049A /* FirebaseAnalytics in Frameworks */ = {isa = PBXBuildFile; productRef = 83F24150293E57630009049A /* FirebaseAnalytics */; };
		83F24153293E57630009049A /* FirebaseAnalyticsSwift in Frameworks */ = {isa = PBXBuildFile; productRef = 83F24152293E57630009049A /* FirebaseAnalyticsSwift */; };
		83F24155293E57630009049A /* FirebaseAuth in Frameworks */ = {isa = PBXBuildFile; productRef = 83F24154293E57630009049A /* FirebaseAuth */; };
		83F24157293E57630009049A /* FirebaseCrashlytics in Frameworks */ = {isa = PBXBuildFile; productRef = 83F24156293E57630009049A /* FirebaseCrashlytics */; };
		83F24159293E57630009049A /* FirebaseFirestore in Frameworks */ = {isa = PBXBuildFile; productRef = 83F24158293E57630009049A /* FirebaseFirestore */; };
		83F2415B293E57630009049A /* FirebaseFunctions in Frameworks */ = {isa = PBXBuildFile; productRef = 83F2415A293E57630009049A /* FirebaseFunctions */; };
		83F2415D293E57630009049A /* FirebaseStorage in Frameworks */ = {isa = PBXBuildFile; productRef = 83F2415C293E57630009049A /* FirebaseStorage */; };
		83F24160293E5DB80009049A /* Constants.swift in Sources */ = {isa = PBXBuildFile; fileRef = 83F2415F293E5DB80009049A /* Constants.swift */; };
		83F24162293E5EAC0009049A /* AppUser.swift in Sources */ = {isa = PBXBuildFile; fileRef = 83F24161293E5EAC0009049A /* AppUser.swift */; };
		83F24164293E626E0009049A /* plan.swift in Sources */ = {isa = PBXBuildFile; fileRef = 83F24163293E626E0009049A /* plan.swift */; };
		83F24166293E63630009049A /* SelectedButton.swift in Sources */ = {isa = PBXBuildFile; fileRef = 83F24165293E63630009049A /* SelectedButton.swift */; };
		83F24169293E67560009049A /* FirebaseFirestoreSwift in Frameworks */ = {isa = PBXBuildFile; productRef = 83F24168293E67560009049A /* FirebaseFirestoreSwift */; };
		83F2416B293E68E80009049A /* MockData.swift in Sources */ = {isa = PBXBuildFile; fileRef = 83F2416A293E68E80009049A /* MockData.swift */; };
		83FC4778293FAB1100682124 /* AuthViewModel.swift in Sources */ = {isa = PBXBuildFile; fileRef = 83FC4777293FAB1100682124 /* AuthViewModel.swift */; };
		83FC477A293FB27800682124 /* DashboardView.swift in Sources */ = {isa = PBXBuildFile; fileRef = 83FC4779293FB27800682124 /* DashboardView.swift */; };
		83FC477C293FD8FA00682124 /* planViewModel.swift in Sources */ = {isa = PBXBuildFile; fileRef = 83FC477B293FD8FA00682124 /* planViewModel.swift */; };
/* End PBXBuildFile section */

/* Begin PBXFileReference section */
		83A5421E291C5E8200691908 /* Planit.app */ = {isa = PBXFileReference; explicitFileType = wrapper.application; includeInIndex = 0; path = Planit.app; sourceTree = BUILT_PRODUCTS_DIR; };
		83A54221291C5E8200691908 /* PlanitApp.swift */ = {isa = PBXFileReference; lastKnownFileType = sourcecode.swift; path = PlanitApp.swift; sourceTree = "<group>"; };
		83A54223291C5E8200691908 /* ContentView.swift */ = {isa = PBXFileReference; lastKnownFileType = sourcecode.swift; path = ContentView.swift; sourceTree = "<group>"; };
		83A54225291C5E8400691908 /* Assets.xcassets */ = {isa = PBXFileReference; lastKnownFileType = folder.assetcatalog; path = Assets.xcassets; sourceTree = "<group>"; };
		83A54228291C5E8400691908 /* Preview Assets.xcassets */ = {isa = PBXFileReference; lastKnownFileType = folder.assetcatalog; path = "Preview Assets.xcassets"; sourceTree = "<group>"; };
		83A54232291C71BB00691908 /* Loginview.swift */ = {isa = PBXFileReference; lastKnownFileType = sourcecode.swift; path = Loginview.swift; sourceTree = "<group>"; };
		83A54236291C724A00691908 /* SignupView.swift */ = {isa = PBXFileReference; lastKnownFileType = sourcecode.swift; path = SignupView.swift; sourceTree = "<group>"; };
		83A54238291C731100691908 /* BackgroundGradientView.swift */ = {isa = PBXFileReference; lastKnownFileType = sourcecode.swift; path = BackgroundGradientView.swift; sourceTree = "<group>"; };
		83A5423A291C849100691908 /* LogoView.swift */ = {isa = PBXFileReference; lastKnownFileType = sourcecode.swift; path = LogoView.swift; sourceTree = "<group>"; };
		83A5423C291DA5FB00691908 /* CustomTextField.swift */ = {isa = PBXFileReference; lastKnownFileType = sourcecode.swift; path = CustomTextField.swift; sourceTree = "<group>"; };
		83F24143293D17ED0009049A /* EmailTextField.swift */ = {isa = PBXFileReference; lastKnownFileType = sourcecode.swift; path = EmailTextField.swift; sourceTree = "<group>"; };
		83F24145293D1D380009049A /* CustomSecureField.swift */ = {isa = PBXFileReference; lastKnownFileType = sourcecode.swift; path = CustomSecureField.swift; sourceTree = "<group>"; };
		83F24147293D29520009049A /* PasswordSecureView.swift */ = {isa = PBXFileReference; lastKnownFileType = sourcecode.swift; path = PasswordSecureView.swift; sourceTree = "<group>"; };
		83F24149293D2FF50009049A /* AuthenticateButton.swift */ = {isa = PBXFileReference; lastKnownFileType = sourcecode.swift; path = AuthenticateButton.swift; sourceTree = "<group>"; };
		83F2414B293E46260009049A /* UserTextField.swift */ = {isa = PBXFileReference; lastKnownFileType = sourcecode.swift; path = UserTextField.swift; sourceTree = "<group>"; };
		83F2414D293E56060009049A /* GoogleService-Info.plist */ = {isa = PBXFileReference; fileEncoding = 4; lastKnownFileType = text.plist.xml; path = "GoogleService-Info.plist"; sourceTree = "<group>"; };
		83F2415F293E5DB80009049A /* Constants.swift */ = {isa = PBXFileReference; lastKnownFileType = sourcecode.swift; path = Constants.swift; sourceTree = "<group>"; };
		83F24161293E5EAC0009049A /* AppUser.swift */ = {isa = PBXFileReference; lastKnownFileType = sourcecode.swift; path = AppUser.swift; sourceTree = "<group>"; };
		83F24163293E626E0009049A /* plan.swift */ = {isa = PBXFileReference; lastKnownFileType = sourcecode.swift; path = plan.swift; sourceTree = "<group>"; };
		83F24165293E63630009049A /* SelectedButton.swift */ = {isa = PBXFileReference; lastKnownFileType = sourcecode.swift; path = SelectedButton.swift; sourceTree = "<group>"; };
		83F2416A293E68E80009049A /* MockData.swift */ = {isa = PBXFileReference; lastKnownFileType = sourcecode.swift; path = MockData.swift; sourceTree = "<group>"; };
		83FC4777293FAB1100682124 /* AuthViewModel.swift */ = {isa = PBXFileReference; lastKnownFileType = sourcecode.swift; path = AuthViewModel.swift; sourceTree = "<group>"; };
		83FC4779293FB27800682124 /* DashboardView.swift */ = {isa = PBXFileReference; lastKnownFileType = sourcecode.swift; path = DashboardView.swift; sourceTree = "<group>"; };
		83FC477B293FD8FA00682124 /* planViewModel.swift */ = {isa = PBXFileReference; lastKnownFileType = sourcecode.swift; path = planViewModel.swift; sourceTree = "<group>"; };
/* End PBXFileReference section */

/* Begin PBXFrameworksBuildPhase section */
		83A5421B291C5E8200691908 /* Frameworks */ = {
			isa = PBXFrameworksBuildPhase;
			buildActionMask = 2147483647;
			files = (
				83F24153293E57630009049A /* FirebaseAnalyticsSwift in Frameworks */,
				83F24157293E57630009049A /* FirebaseCrashlytics in Frameworks */,
				83F24155293E57630009049A /* FirebaseAuth in Frameworks */,
				83F2415B293E57630009049A /* FirebaseFunctions in Frameworks */,
				83F2415D293E57630009049A /* FirebaseStorage in Frameworks */,
				83F24159293E57630009049A /* FirebaseFirestore in Frameworks */,
				83F24151293E57630009049A /* FirebaseAnalytics in Frameworks */,
				83F24169293E67560009049A /* FirebaseFirestoreSwift in Frameworks */,
			);
			runOnlyForDeploymentPostprocessing = 0;
		};
/* End PBXFrameworksBuildPhase section */

/* Begin PBXGroup section */
		83A54215291C5E8200691908 = {
			isa = PBXGroup;
			children = (
				83F2414D293E56060009049A /* GoogleService-Info.plist */,
				83A54220291C5E8200691908 /* Planit */,
				83A5421F291C5E8200691908 /* Products */,
				83F24167293E67560009049A /* Frameworks */,
			);
			sourceTree = "<group>";
		};
		83A5421F291C5E8200691908 /* Products */ = {
			isa = PBXGroup;
			children = (
				83A5421E291C5E8200691908 /* Planit.app */,
			);
			name = Products;
			sourceTree = "<group>";
		};
		83A54220291C5E8200691908 /* Planit */ = {
			isa = PBXGroup;
			children = (
				83F2415E293E5D9C0009049A /* Utils */,
				83A54231291C712500691908 /* Model */,
				83A5422F291C710A00691908 /* View */,
				83A54230291C711B00691908 /* ViewModel */,
				83A54221291C5E8200691908 /* PlanitApp.swift */,
				83A54223291C5E8200691908 /* ContentView.swift */,
				83A54225291C5E8400691908 /* Assets.xcassets */,
				83A54227291C5E8400691908 /* Preview Content */,
			);
			path = Planit;
			sourceTree = "<group>";
		};
		83A54227291C5E8400691908 /* Preview Content */ = {
			isa = PBXGroup;
			children = (
				83A54228291C5E8400691908 /* Preview Assets.xcassets */,
			);
			path = "Preview Content";
			sourceTree = "<group>";
		};
		83A5422F291C710A00691908 /* View */ = {
			isa = PBXGroup;
			children = (
				83A54234291C720000691908 /* Utils */,
				83A54235291C721900691908 /* Authentication */,
				83FC4779293FB27800682124 /* DashboardView.swift */,
			);
			path = View;
			sourceTree = "<group>";
		};
		83A54230291C711B00691908 /* ViewModel */ = {
			isa = PBXGroup;
			children = (
				83FC4777293FAB1100682124 /* AuthViewModel.swift */,
				83FC477B293FD8FA00682124 /* planViewModel.swift */,
			);
			path = ViewModel;
			sourceTree = "<group>";
		};
		83A54231291C712500691908 /* Model */ = {
			isa = PBXGroup;
			children = (
				83F24161293E5EAC0009049A /* AppUser.swift */,
				83F24163293E626E0009049A /* plan.swift */,
				83F24165293E63630009049A /* SelectedButton.swift */,
				83F2416A293E68E80009049A /* MockData.swift */,
			);
			path = Model;
			sourceTree = "<group>";
		};
		83A54234291C720000691908 /* Utils */ = {
			isa = PBXGroup;
			children = (
				83F24140293D17A00009049A /* TextFields */,
				83A54238291C731100691908 /* BackgroundGradientView.swift */,
				83A5423A291C849100691908 /* LogoView.swift */,
				83A5423C291DA5FB00691908 /* CustomTextField.swift */,
				83F24149293D2FF50009049A /* AuthenticateButton.swift */,
			);
			path = Utils;
			sourceTree = "<group>";
		};
		83A54235291C721900691908 /* Authentication */ = {
			isa = PBXGroup;
			children = (
				83A54232291C71BB00691908 /* Loginview.swift */,
				83A54236291C724A00691908 /* SignupView.swift */,
			);
			path = Authentication;
			sourceTree = "<group>";
		};
		83F24140293D17A00009049A /* TextFields */ = {
			isa = PBXGroup;
			children = (
				83F24143293D17ED0009049A /* EmailTextField.swift */,
				83F24145293D1D380009049A /* CustomSecureField.swift */,
				83F24147293D29520009049A /* PasswordSecureView.swift */,
				83F2414B293E46260009049A /* UserTextField.swift */,
			);
			path = TextFields;
			sourceTree = "<group>";
		};
		83F2415E293E5D9C0009049A /* Utils */ = {
			isa = PBXGroup;
			children = (
				83F2415F293E5DB80009049A /* Constants.swift */,
			);
			path = Utils;
			sourceTree = "<group>";
		};
		83F24167293E67560009049A /* Frameworks */ = {
			isa = PBXGroup;
			children = (
			);
			name = Frameworks;
			sourceTree = "<group>";
		};
/* End PBXGroup section */

/* Begin PBXNativeTarget section */
		83A5421D291C5E8200691908 /* Planit */ = {
			isa = PBXNativeTarget;
			buildConfigurationList = 83A5422C291C5E8400691908 /* Build configuration list for PBXNativeTarget "Planit" */;
			buildPhases = (
				83A5421A291C5E8200691908 /* Sources */,
				83A5421B291C5E8200691908 /* Frameworks */,
				83A5421C291C5E8200691908 /* Resources */,
			);
			buildRules = (
			);
			dependencies = (
			);
			name = Planit;
			packageProductDependencies = (
				83F24150293E57630009049A /* FirebaseAnalytics */,
				83F24152293E57630009049A /* FirebaseAnalyticsSwift */,
				83F24154293E57630009049A /* FirebaseAuth */,
				83F24156293E57630009049A /* FirebaseCrashlytics */,
				83F24158293E57630009049A /* FirebaseFirestore */,
				83F2415A293E57630009049A /* FirebaseFunctions */,
				83F2415C293E57630009049A /* FirebaseStorage */,
				83F24168293E67560009049A /* FirebaseFirestoreSwift */,
			);
			productName = Planit;
			productReference = 83A5421E291C5E8200691908 /* Planit.app */;
			productType = "com.apple.product-type.application";
		};
/* End PBXNativeTarget section */

/* Begin PBXProject section */
		83A54216291C5E8200691908 /* Project object */ = {
			isa = PBXProject;
			attributes = {
				BuildIndependentTargetsInParallel = 1;
				LastSwiftUpdateCheck = 1410;
				LastUpgradeCheck = 1410;
				TargetAttributes = {
					83A5421D291C5E8200691908 = {
						CreatedOnToolsVersion = 14.1;
					};
				};
			};
			buildConfigurationList = 83A54219291C5E8200691908 /* Build configuration list for PBXProject "Planit" */;
			compatibilityVersion = "Xcode 14.0";
			developmentRegion = en;
			hasScannedForEncodings = 0;
			knownRegions = (
				en,
				Base,
			);
			mainGroup = 83A54215291C5E8200691908;
			packageReferences = (
				83F2414F293E57630009049A /* XCRemoteSwiftPackageReference "firebase-ios-sdk" */,
			);
			productRefGroup = 83A5421F291C5E8200691908 /* Products */;
			projectDirPath = "";
			projectRoot = "";
			targets = (
				83A5421D291C5E8200691908 /* Planit */,
			);
		};
/* End PBXProject section */

/* Begin PBXResourcesBuildPhase section */
		83A5421C291C5E8200691908 /* Resources */ = {
			isa = PBXResourcesBuildPhase;
			buildActionMask = 2147483647;
			files = (
				83A54229291C5E8400691908 /* Preview Assets.xcassets in Resources */,
				83A54226291C5E8400691908 /* Assets.xcassets in Resources */,
				83F2414E293E56060009049A /* GoogleService-Info.plist in Resources */,
			);
			runOnlyForDeploymentPostprocessing = 0;
		};
/* End PBXResourcesBuildPhase section */

/* Begin PBXSourcesBuildPhase section */
		83A5421A291C5E8200691908 /* Sources */ = {
			isa = PBXSourcesBuildPhase;
			buildActionMask = 2147483647;
			files = (
				83F24162293E5EAC0009049A /* AppUser.swift in Sources */,
				83F24148293D29520009049A /* PasswordSecureView.swift in Sources */,
				83F24144293D17ED0009049A /* EmailTextField.swift in Sources */,
				83F2416B293E68E80009049A /* MockData.swift in Sources */,
				83F2414C293E46260009049A /* UserTextField.swift in Sources */,
				83FC477C293FD8FA00682124 /* planViewModel.swift in Sources */,
				83F24166293E63630009049A /* SelectedButton.swift in Sources */,
				83A5423D291DA5FB00691908 /* CustomTextField.swift in Sources */,
				83A54237291C724A00691908 /* SignupView.swift in Sources */,
				83FC477A293FB27800682124 /* DashboardView.swift in Sources */,
				83FC4778293FAB1100682124 /* AuthViewModel.swift in Sources */,
				83A5423B291C849100691908 /* LogoView.swift in Sources */,
				83A54233291C71BB00691908 /* Loginview.swift in Sources */,
				83F24160293E5DB80009049A /* Constants.swift in Sources */,
				83F2414A293D2FF50009049A /* AuthenticateButton.swift in Sources */,
				83A54224291C5E8200691908 /* ContentView.swift in Sources */,
				83F24164293E626E0009049A /* plan.swift in Sources */,
				83A54239291C731100691908 /* BackgroundGradientView.swift in Sources */,
				83F24146293D1D380009049A /* CustomSecureField.swift in Sources */,
				83A54222291C5E8200691908 /* PlanitApp.swift in Sources */,
			);
			runOnlyForDeploymentPostprocessing = 0;
		};
/* End PBXSourcesBuildPhase section */

/* Begin XCBuildConfiguration section */
		83A5422A291C5E8400691908 /* Debug */ = {
			isa = XCBuildConfiguration;
			buildSettings = {
				ALWAYS_SEARCH_USER_PATHS = NO;
				CLANG_ANALYZER_NONNULL = YES;
				CLANG_ANALYZER_NUMBER_OBJECT_CONVERSION = YES_AGGRESSIVE;
				CLANG_CXX_LANGUAGE_STANDARD = "gnu++20";
				CLANG_ENABLE_MODULES = YES;
				CLANG_ENABLE_OBJC_ARC = YES;
				CLANG_ENABLE_OBJC_WEAK = YES;
				CLANG_WARN_BLOCK_CAPTURE_AUTORELEASING = YES;
				CLANG_WARN_BOOL_CONVERSION = YES;
				CLANG_WARN_COMMA = YES;
				CLANG_WARN_CONSTANT_CONVERSION = YES;
				CLANG_WARN_DEPRECATED_OBJC_IMPLEMENTATIONS = YES;
				CLANG_WARN_DIRECT_OBJC_ISA_USAGE = YES_ERROR;
				CLANG_WARN_DOCUMENTATION_COMMENTS = YES;
				CLANG_WARN_EMPTY_BODY = YES;
				CLANG_WARN_ENUM_CONVERSION = YES;
				CLANG_WARN_INFINITE_RECURSION = YES;
				CLANG_WARN_INT_CONVERSION = YES;
				CLANG_WARN_NON_LITERAL_NULL_CONVERSION = YES;
				CLANG_WARN_OBJC_IMPLICIT_RETAIN_SELF = YES;
				CLANG_WARN_OBJC_LITERAL_CONVERSION = YES;
				CLANG_WARN_OBJC_ROOT_CLASS = YES_ERROR;
				CLANG_WARN_QUOTED_INCLUDE_IN_FRAMEWORK_HEADER = YES;
				CLANG_WARN_RANGE_LOOP_ANALYSIS = YES;
				CLANG_WARN_STRICT_PROTOTYPES = YES;
				CLANG_WARN_SUSPICIOUS_MOVE = YES;
				CLANG_WARN_UNGUARDED_AVAILABILITY = YES_AGGRESSIVE;
				CLANG_WARN_UNREACHABLE_CODE = YES;
				CLANG_WARN__DUPLICATE_METHOD_MATCH = YES;
				COPY_PHASE_STRIP = NO;
				DEBUG_INFORMATION_FORMAT = dwarf;
				ENABLE_STRICT_OBJC_MSGSEND = YES;
				ENABLE_TESTABILITY = YES;
				GCC_C_LANGUAGE_STANDARD = gnu11;
				GCC_DYNAMIC_NO_PIC = NO;
				GCC_NO_COMMON_BLOCKS = YES;
				GCC_OPTIMIZATION_LEVEL = 0;
				GCC_PREPROCESSOR_DEFINITIONS = (
					"DEBUG=1",
					"$(inherited)",
				);
				GCC_WARN_64_TO_32_BIT_CONVERSION = YES;
				GCC_WARN_ABOUT_RETURN_TYPE = YES_ERROR;
				GCC_WARN_UNDECLARED_SELECTOR = YES;
				GCC_WARN_UNINITIALIZED_AUTOS = YES_AGGRESSIVE;
				GCC_WARN_UNUSED_FUNCTION = YES;
				GCC_WARN_UNUSED_VARIABLE = YES;
				IPHONEOS_DEPLOYMENT_TARGET = 16.1;
				MTL_ENABLE_DEBUG_INFO = INCLUDE_SOURCE;
				MTL_FAST_MATH = YES;
				ONLY_ACTIVE_ARCH = YES;
				SDKROOT = iphoneos;
				SWIFT_ACTIVE_COMPILATION_CONDITIONS = DEBUG;
				SWIFT_OPTIMIZATION_LEVEL = "-Onone";
			};
			name = Debug;
		};
		83A5422B291C5E8400691908 /* Release */ = {
			isa = XCBuildConfiguration;
			buildSettings = {
				ALWAYS_SEARCH_USER_PATHS = NO;
				CLANG_ANALYZER_NONNULL = YES;
				CLANG_ANALYZER_NUMBER_OBJECT_CONVERSION = YES_AGGRESSIVE;
				CLANG_CXX_LANGUAGE_STANDARD = "gnu++20";
				CLANG_ENABLE_MODULES = YES;
				CLANG_ENABLE_OBJC_ARC = YES;
				CLANG_ENABLE_OBJC_WEAK = YES;
				CLANG_WARN_BLOCK_CAPTURE_AUTORELEASING = YES;
				CLANG_WARN_BOOL_CONVERSION = YES;
				CLANG_WARN_COMMA = YES;
				CLANG_WARN_CONSTANT_CONVERSION = YES;
				CLANG_WARN_DEPRECATED_OBJC_IMPLEMENTATIONS = YES;
				CLANG_WARN_DIRECT_OBJC_ISA_USAGE = YES_ERROR;
				CLANG_WARN_DOCUMENTATION_COMMENTS = YES;
				CLANG_WARN_EMPTY_BODY = YES;
				CLANG_WARN_ENUM_CONVERSION = YES;
				CLANG_WARN_INFINITE_RECURSION = YES;
				CLANG_WARN_INT_CONVERSION = YES;
				CLANG_WARN_NON_LITERAL_NULL_CONVERSION = YES;
				CLANG_WARN_OBJC_IMPLICIT_RETAIN_SELF = YES;
				CLANG_WARN_OBJC_LITERAL_CONVERSION = YES;
				CLANG_WARN_OBJC_ROOT_CLASS = YES_ERROR;
				CLANG_WARN_QUOTED_INCLUDE_IN_FRAMEWORK_HEADER = YES;
				CLANG_WARN_RANGE_LOOP_ANALYSIS = YES;
				CLANG_WARN_STRICT_PROTOTYPES = YES;
				CLANG_WARN_SUSPICIOUS_MOVE = YES;
				CLANG_WARN_UNGUARDED_AVAILABILITY = YES_AGGRESSIVE;
				CLANG_WARN_UNREACHABLE_CODE = YES;
				CLANG_WARN__DUPLICATE_METHOD_MATCH = YES;
				COPY_PHASE_STRIP = NO;
				DEBUG_INFORMATION_FORMAT = "dwarf-with-dsym";
				ENABLE_NS_ASSERTIONS = NO;
				ENABLE_STRICT_OBJC_MSGSEND = YES;
				GCC_C_LANGUAGE_STANDARD = gnu11;
				GCC_NO_COMMON_BLOCKS = YES;
				GCC_WARN_64_TO_32_BIT_CONVERSION = YES;
				GCC_WARN_ABOUT_RETURN_TYPE = YES_ERROR;
				GCC_WARN_UNDECLARED_SELECTOR = YES;
				GCC_WARN_UNINITIALIZED_AUTOS = YES_AGGRESSIVE;
				GCC_WARN_UNUSED_FUNCTION = YES;
				GCC_WARN_UNUSED_VARIABLE = YES;
				IPHONEOS_DEPLOYMENT_TARGET = 16.1;
				MTL_ENABLE_DEBUG_INFO = NO;
				MTL_FAST_MATH = YES;
				SDKROOT = iphoneos;
				SWIFT_COMPILATION_MODE = wholemodule;
				SWIFT_OPTIMIZATION_LEVEL = "-O";
				VALIDATE_PRODUCT = YES;
			};
			name = Release;
		};
		83A5422D291C5E8400691908 /* Debug */ = {
			isa = XCBuildConfiguration;
			buildSettings = {
				ASSETCATALOG_COMPILER_APPICON_NAME = AppIcon;
				ASSETCATALOG_COMPILER_GLOBAL_ACCENT_COLOR_NAME = AccentColor;
				CODE_SIGN_STYLE = Automatic;
				CURRENT_PROJECT_VERSION = 1;
				DEVELOPMENT_ASSET_PATHS = "\"Planit/Preview Content\"";
				ENABLE_PREVIEWS = YES;
				GENERATE_INFOPLIST_FILE = YES;
				INFOPLIST_KEY_UIApplicationSceneManifest_Generation = YES;
				INFOPLIST_KEY_UIApplicationSupportsIndirectInputEvents = YES;
				INFOPLIST_KEY_UILaunchScreen_Generation = YES;
				INFOPLIST_KEY_UISupportedInterfaceOrientations_iPad = "UIInterfaceOrientationPortrait UIInterfaceOrientationPortraitUpsideDown UIInterfaceOrientationLandscapeLeft UIInterfaceOrientationLandscapeRight";
				INFOPLIST_KEY_UISupportedInterfaceOrientations_iPhone = "UIInterfaceOrientationPortrait UIInterfaceOrientationLandscapeLeft UIInterfaceOrientationLandscapeRight";
				LD_RUNPATH_SEARCH_PATHS = (
					"$(inherited)",
					"@executable_path/Frameworks",
				);
				MARKETING_VERSION = 1.0;
				PRODUCT_BUNDLE_IDENTIFIER = shivangikhandelwal.com.Planit;
				PRODUCT_NAME = "$(TARGET_NAME)";
				SWIFT_EMIT_LOC_STRINGS = YES;
				SWIFT_VERSION = 5.0;
				TARGETED_DEVICE_FAMILY = "1,2";
			};
			name = Debug;
		};
		83A5422E291C5E8400691908 /* Release */ = {
			isa = XCBuildConfiguration;
			buildSettings = {
				ASSETCATALOG_COMPILER_APPICON_NAME = AppIcon;
				ASSETCATALOG_COMPILER_GLOBAL_ACCENT_COLOR_NAME = AccentColor;
				CODE_SIGN_STYLE = Automatic;
				CURRENT_PROJECT_VERSION = 1;
				DEVELOPMENT_ASSET_PATHS = "\"Planit/Preview Content\"";
				ENABLE_PREVIEWS = YES;
				GENERATE_INFOPLIST_FILE = YES;
				INFOPLIST_KEY_UIApplicationSceneManifest_Generation = YES;
				INFOPLIST_KEY_UIApplicationSupportsIndirectInputEvents = YES;
				INFOPLIST_KEY_UILaunchScreen_Generation = YES;
				INFOPLIST_KEY_UISupportedInterfaceOrientations_iPad = "UIInterfaceOrientationPortrait UIInterfaceOrientationPortraitUpsideDown UIInterfaceOrientationLandscapeLeft UIInterfaceOrientationLandscapeRight";
				INFOPLIST_KEY_UISupportedInterfaceOrientations_iPhone = "UIInterfaceOrientationPortrait UIInterfaceOrientationLandscapeLeft UIInterfaceOrientationLandscapeRight";
				LD_RUNPATH_SEARCH_PATHS = (
					"$(inherited)",
					"@executable_path/Frameworks",
				);
				MARKETING_VERSION = 1.0;
				PRODUCT_BUNDLE_IDENTIFIER = shivangikhandelwal.com.Planit;
				PRODUCT_NAME = "$(TARGET_NAME)";
				SWIFT_EMIT_LOC_STRINGS = YES;
				SWIFT_VERSION = 5.0;
				TARGETED_DEVICE_FAMILY = "1,2";
			};
			name = Release;
		};
/* End XCBuildConfiguration section */

/* Begin XCConfigurationList section */
		83A54219291C5E8200691908 /* Build configuration list for PBXProject "Planit" */ = {
			isa = XCConfigurationList;
			buildConfigurations = (
				83A5422A291C5E8400691908 /* Debug */,
				83A5422B291C5E8400691908 /* Release */,
			);
			defaultConfigurationIsVisible = 0;
			defaultConfigurationName = Release;
		};
		83A5422C291C5E8400691908 /* Build configuration list for PBXNativeTarget "Planit" */ = {
			isa = XCConfigurationList;
			buildConfigurations = (
				83A5422D291C5E8400691908 /* Debug */,
				83A5422E291C5E8400691908 /* Release */,
			);
			defaultConfigurationIsVisible = 0;
			defaultConfigurationName = Release;
		};
/* End XCConfigurationList section */

/* Begin XCRemoteSwiftPackageReference section */
		83F2414F293E57630009049A /* XCRemoteSwiftPackageReference "firebase-ios-sdk" */ = {
			isa = XCRemoteSwiftPackageReference;
			repositoryURL = "https://github.com/firebase/firebase-ios-sdk";
			requirement = {
				kind = upToNextMajorVersion;
				minimumVersion = 9.0.0;
			};
		};
/* End XCRemoteSwiftPackageReference section */

/* Begin XCSwiftPackageProductDependency section */
		83F24150293E57630009049A /* FirebaseAnalytics */ = {
			isa = XCSwiftPackageProductDependency;
			package = 83F2414F293E57630009049A /* XCRemoteSwiftPackageReference "firebase-ios-sdk" */;
			productName = FirebaseAnalytics;
		};
		83F24152293E57630009049A /* FirebaseAnalyticsSwift */ = {
			isa = XCSwiftPackageProductDependency;
			package = 83F2414F293E57630009049A /* XCRemoteSwiftPackageReference "firebase-ios-sdk" */;
			productName = FirebaseAnalyticsSwift;
		};
		83F24154293E57630009049A /* FirebaseAuth */ = {
			isa = XCSwiftPackageProductDependency;
			package = 83F2414F293E57630009049A /* XCRemoteSwiftPackageReference "firebase-ios-sdk" */;
			productName = FirebaseAuth;
		};
		83F24156293E57630009049A /* FirebaseCrashlytics */ = {
			isa = XCSwiftPackageProductDependency;
			package = 83F2414F293E57630009049A /* XCRemoteSwiftPackageReference "firebase-ios-sdk" */;
			productName = FirebaseCrashlytics;
		};
		83F24158293E57630009049A /* FirebaseFirestore */ = {
			isa = XCSwiftPackageProductDependency;
			package = 83F2414F293E57630009049A /* XCRemoteSwiftPackageReference "firebase-ios-sdk" */;
			productName = FirebaseFirestore;
		};
		83F2415A293E57630009049A /* FirebaseFunctions */ = {
			isa = XCSwiftPackageProductDependency;
			package = 83F2414F293E57630009049A /* XCRemoteSwiftPackageReference "firebase-ios-sdk" */;
			productName = FirebaseFunctions;
		};
		83F2415C293E57630009049A /* FirebaseStorage */ = {
			isa = XCSwiftPackageProductDependency;
			package = 83F2414F293E57630009049A /* XCRemoteSwiftPackageReference "firebase-ios-sdk" */;
			productName = FirebaseStorage;
		};
		83F24168293E67560009049A /* FirebaseFirestoreSwift */ = {
			isa = XCSwiftPackageProductDependency;
			package = 83F2414F293E57630009049A /* XCRemoteSwiftPackageReference "firebase-ios-sdk" */;
			productName = FirebaseFirestoreSwift;
		};
/* End XCSwiftPackageProductDependency section */
	};
	rootObject = 83A54216291C5E8200691908 /* Project object */;
}
